
Microsoft Visual Studio Solution File, Format Version 12.00
# Visual Studio Version 17
VisualStudioVersion = 17.6.33723.286
MinimumVisualStudioVersion = 10.0.40219.1
Project("{FAE04EC0-301F-11D3-BF4B-00C04F79EFBC}") = "TodoApi", "TodoApi\TodoApi.csproj", "{D5954461-B2D7-4857-915F-69DD48A3D586}"
EndProject
Global
	GlobalSection(SolutionConfigurationPlatforms) = preSolution
		Debug|Any CPU = Debug|Any CPU
		Release|Any CPU = Release|Any CPU
	EndGlobalSection
	GlobalSection(ProjectConfigurationPlatforms) = postSolution
		{D5954461-B2D7-4857-915F-69DD48A3D586}.Debug|Any CPU.ActiveCfg = Debug|Any CPU
		{D5954461-B2D7-4857-915F-69DD48A3D586}.Debug|Any CPU.Build.0 = Debug|Any CPU
		{D5954461-B2D7-4857-915F-69DD48A3D586}.Release|Any CPU.ActiveCfg = Release|Any CPU
		{D5954461-B2D7-4857-915F-69DD48A3D586}.Release|Any CPU.Build.0 = Release|Any CPU
	EndGlobalSection
	GlobalSection(SolutionProperties) = preSolution
		HideSolutionNode = FALSE
	EndGlobalSection
	GlobalSection(ExtensibilityGlobals) = postSolution
		SolutionGuid = {5D7FF229-05EC-41E8-9FFE-4ECE4850AAC8}
	EndGlobalSection
EndGlobal
